{
  "lockfileVersion": 1,
  "workspaces": {
    "": {
      "name": "bun-hono-app",
      "dependencies": {
        "hono": "^4.8.12",
        "postgres": "^3.4.7",
      },
    },
  },
  "packages": {
    "hono": ["hono@4.8.12", "", {}, "sha512-MQSKk1Mg7b74k8l+A025LfysnLtXDKkE4pLaSsYRQC5iy85lgZnuyeQ1Wynair9mmECzoLu+FtJtqNZSoogBDQ=="],

    "postgres": ["postgres@3.4.7", "", {}, "sha512-Jtc2612XINuBjIl/QTWsV5UvE8UHuNblcO3vVADSrKsrc6RqGX6lOW1cEo3CM2v0XG4Nat8nI+YM7/f26VxXLw=="],
  }
}
